
Microsoft Visual Studio Solution File, Format Version 12.00
# Visual Studio Version 17
VisualStudioVersion = 17.11.35222.181
MinimumVisualStudioVersion = 10.0.40219.1
Project("{FAE04EC0-301F-11D3-BF4B-00C04F79EFBC}") = "trofeoDelCazadorServicio", "trofeoDelCazadorServicio.csproj", "{3410A30D-9F1A-4419-A1B3-A88F67BBC960}"
EndProject
Project("{FAE04EC0-301F-11D3-BF4B-00C04F79EFBC}") = "dataAccess", "..\dataAccess\dataAccess.csproj", "{E4B87E4C-D6E2-4ECB-91D4-4F7735A2E653}"
EndProject
Global
	GlobalSection(SolutionConfigurationPlatforms) = preSolution
		Debug|Any CPU = Debug|Any CPU
		Release|Any CPU = Release|Any CPU
	EndGlobalSection
	GlobalSection(ProjectConfigurationPlatforms) = postSolution
		{3410A30D-9F1A-4419-A1B3-A88F67BBC960}.Debug|Any CPU.ActiveCfg = Debug|Any CPU
		{3410A30D-9F1A-4419-A1B3-A88F67BBC960}.Debug|Any CPU.Build.0 = Debug|Any CPU
		{3410A30D-9F1A-4419-A1B3-A88F67BBC960}.Release|Any CPU.ActiveCfg = Release|Any CPU
		{3410A30D-9F1A-4419-A1B3-A88F67BBC960}.Release|Any CPU.Build.0 = Release|Any CPU
		{E4B87E4C-D6E2-4ECB-91D4-4F7735A2E653}.Debug|Any CPU.ActiveCfg = Debug|Any CPU
		{E4B87E4C-D6E2-4ECB-91D4-4F7735A2E653}.Debug|Any CPU.Build.0 = Debug|Any CPU
		{E4B87E4C-D6E2-4ECB-91D4-4F7735A2E653}.Release|Any CPU.ActiveCfg = Release|Any CPU
		{E4B87E4C-D6E2-4ECB-91D4-4F7735A2E653}.Release|Any CPU.Build.0 = Release|Any CPU
	EndGlobalSection
	GlobalSection(SolutionProperties) = preSolution
		HideSolutionNode = FALSE
	EndGlobalSection
	GlobalSection(ExtensibilityGlobals) = postSolution
		SolutionGuid = {A58632E2-45D3-43D5-A4F1-35FE91A36C86}
	EndGlobalSection
EndGlobal
